
Microsoft Visual Studio Solution File, Format Version 12.00
# Visual Studio Version 17
VisualStudioVersion = 17.11.35222.181
MinimumVisualStudioVersion = 10.0.40219.1
Project("{8BC9CEB8-8B4A-11D0-8D11-00A0C91BC942}") = "000_StringCount", "000_StringCount\000_StringCount.vcxproj", "{34F392BA-D3C7-403F-A470-1FFBC9E6710B}"
EndProject
Project("{8BC9CEB8-8B4A-11D0-8D11-00A0C91BC942}") = "001_NumberCount", "001_NumberCount\001_NumberCount.vcxproj", "{189762E4-3B25-4616-94BD-53DFB78FB846}"
EndProject
Project("{8BC9CEB8-8B4A-11D0-8D11-00A0C91BC942}") = "002_MyPrintf", "02_MyPrintf\02_MyPrintf.vcxproj", "{BF12EB11-9A2B-4B46-9119-9533EBE7A35B}"
EndProject
Project("{8BC9CEB8-8B4A-11D0-8D11-00A0C91BC942}") = "003_PlusString", "003_PlusString\003_PlusString.vcxproj", "{F4E7856C-3766-42EF-9426-7CEF3B9C8A9F}"
EndProject
Project("{8BC9CEB8-8B4A-11D0-8D11-00A0C91BC942}") = "TextRpg000", "TextRpg000\TextRpg000.vcxproj", "{09D68B4B-7C03-4B57-945F-C3CE35C4D99F}"
EndProject
Project("{2150E333-8FDC-42A3-9474-1A3956D46DE8}") = "Game", "Game", "{43FAA88E-EF9F-4DC3-9A6F-3F8597956584}"
EndProject
Project("{8BC9CEB8-8B4A-11D0-8D11-00A0C91BC942}") = "TextRpg000_FirstAttack", "TextRpg000_FirstAttack\TextRpg000_FirstAttack.vcxproj", "{BBDBA6F5-9D9C-479F-975F-AD2738B39775}"
EndProject
Project("{8BC9CEB8-8B4A-11D0-8D11-00A0C91BC942}") = "TextRpg002_Inheritance", "TextRpg002_Inheritance\TextRpg002_Inheritance.vcxproj", "{C39043DA-4644-4A4E-9C67-B92E74DE0096}"
EndProject
Global
	GlobalSection(SolutionConfigurationPlatforms) = preSolution
		Debug|x64 = Debug|x64
		Debug|x86 = Debug|x86
		Release|x64 = Release|x64
		Release|x86 = Release|x86
	EndGlobalSection
	GlobalSection(ProjectConfigurationPlatforms) = postSolution
		{34F392BA-D3C7-403F-A470-1FFBC9E6710B}.Debug|x64.ActiveCfg = Debug|x64
		{34F392BA-D3C7-403F-A470-1FFBC9E6710B}.Debug|x64.Build.0 = Debug|x64
		{34F392BA-D3C7-403F-A470-1FFBC9E6710B}.Debug|x86.ActiveCfg = Debug|Win32
		{34F392BA-D3C7-403F-A470-1FFBC9E6710B}.Debug|x86.Build.0 = Debug|Win32
		{34F392BA-D3C7-403F-A470-1FFBC9E6710B}.Release|x64.ActiveCfg = Release|x64
		{34F392BA-D3C7-403F-A470-1FFBC9E6710B}.Release|x64.Build.0 = Release|x64
		{34F392BA-D3C7-403F-A470-1FFBC9E6710B}.Release|x86.ActiveCfg = Release|Win32
		{34F392BA-D3C7-403F-A470-1FFBC9E6710B}.Release|x86.Build.0 = Release|Win32
		{189762E4-3B25-4616-94BD-53DFB78FB846}.Debug|x64.ActiveCfg = Debug|x64
		{189762E4-3B25-4616-94BD-53DFB78FB846}.Debug|x64.Build.0 = Debug|x64
		{189762E4-3B25-4616-94BD-53DFB78FB846}.Debug|x86.ActiveCfg = Debug|Win32
		{189762E4-3B25-4616-94BD-53DFB78FB846}.Debug|x86.Build.0 = Debug|Win32
		{189762E4-3B25-4616-94BD-53DFB78FB846}.Release|x64.ActiveCfg = Release|x64
		{189762E4-3B25-4616-94BD-53DFB78FB846}.Release|x64.Build.0 = Release|x64
		{189762E4-3B25-4616-94BD-53DFB78FB846}.Release|x86.ActiveCfg = Release|Win32
		{189762E4-3B25-4616-94BD-53DFB78FB846}.Release|x86.Build.0 = Release|Win32
		{BF12EB11-9A2B-4B46-9119-9533EBE7A35B}.Debug|x64.ActiveCfg = Debug|x64
		{BF12EB11-9A2B-4B46-9119-9533EBE7A35B}.Debug|x64.Build.0 = Debug|x64
		{BF12EB11-9A2B-4B46-9119-9533EBE7A35B}.Debug|x86.ActiveCfg = Debug|Win32
		{BF12EB11-9A2B-4B46-9119-9533EBE7A35B}.Debug|x86.Build.0 = Debug|Win32
		{BF12EB11-9A2B-4B46-9119-9533EBE7A35B}.Release|x64.ActiveCfg = Release|x64
		{BF12EB11-9A2B-4B46-9119-9533EBE7A35B}.Release|x64.Build.0 = Release|x64
		{BF12EB11-9A2B-4B46-9119-9533EBE7A35B}.Release|x86.ActiveCfg = Release|Win32
		{BF12EB11-9A2B-4B46-9119-9533EBE7A35B}.Release|x86.Build.0 = Release|Win32
		{F4E7856C-3766-42EF-9426-7CEF3B9C8A9F}.Debug|x64.ActiveCfg = Debug|x64
		{F4E7856C-3766-42EF-9426-7CEF3B9C8A9F}.Debug|x64.Build.0 = Debug|x64
		{F4E7856C-3766-42EF-9426-7CEF3B9C8A9F}.Debug|x86.ActiveCfg = Debug|Win32
		{F4E7856C-3766-42EF-9426-7CEF3B9C8A9F}.Debug|x86.Build.0 = Debug|Win32
		{F4E7856C-3766-42EF-9426-7CEF3B9C8A9F}.Release|x64.ActiveCfg = Release|x64
		{F4E7856C-3766-42EF-9426-7CEF3B9C8A9F}.Release|x64.Build.0 = Release|x64
		{F4E7856C-3766-42EF-9426-7CEF3B9C8A9F}.Release|x86.ActiveCfg = Release|Win32
		{F4E7856C-3766-42EF-9426-7CEF3B9C8A9F}.Release|x86.Build.0 = Release|Win32
		{09D68B4B-7C03-4B57-945F-C3CE35C4D99F}.Debug|x64.ActiveCfg = Debug|x64
		{09D68B4B-7C03-4B57-945F-C3CE35C4D99F}.Debug|x64.Build.0 = Debug|x64
		{09D68B4B-7C03-4B57-945F-C3CE35C4D99F}.Debug|x86.ActiveCfg = Debug|Win32
		{09D68B4B-7C03-4B57-945F-C3CE35C4D99F}.Debug|x86.Build.0 = Debug|Win32
		{09D68B4B-7C03-4B57-945F-C3CE35C4D99F}.Release|x64.ActiveCfg = Release|x64
		{09D68B4B-7C03-4B57-945F-C3CE35C4D99F}.Release|x64.Build.0 = Release|x64
		{09D68B4B-7C03-4B57-945F-C3CE35C4D99F}.Release|x86.ActiveCfg = Release|Win32
		{09D68B4B-7C03-4B57-945F-C3CE35C4D99F}.Release|x86.Build.0 = Release|Win32
		{BBDBA6F5-9D9C-479F-975F-AD2738B39775}.Debug|x64.ActiveCfg = Debug|x64
		{BBDBA6F5-9D9C-479F-975F-AD2738B39775}.Debug|x64.Build.0 = Debug|x64
		{BBDBA6F5-9D9C-479F-975F-AD2738B39775}.Debug|x86.ActiveCfg = Debug|Win32
		{BBDBA6F5-9D9C-479F-975F-AD2738B39775}.Debug|x86.Build.0 = Debug|Win32
		{BBDBA6F5-9D9C-479F-975F-AD2738B39775}.Release|x64.ActiveCfg = Release|x64
		{BBDBA6F5-9D9C-479F-975F-AD2738B39775}.Release|x64.Build.0 = Release|x64
		{BBDBA6F5-9D9C-479F-975F-AD2738B39775}.Release|x86.ActiveCfg = Release|Win32
		{BBDBA6F5-9D9C-479F-975F-AD2738B39775}.Release|x86.Build.0 = Release|Win32
		{C39043DA-4644-4A4E-9C67-B92E74DE0096}.Debug|x64.ActiveCfg = Debug|x64
		{C39043DA-4644-4A4E-9C67-B92E74DE0096}.Debug|x64.Build.0 = Debug|x64
		{C39043DA-4644-4A4E-9C67-B92E74DE0096}.Debug|x86.ActiveCfg = Debug|Win32
		{C39043DA-4644-4A4E-9C67-B92E74DE0096}.Debug|x86.Build.0 = Debug|Win32
		{C39043DA-4644-4A4E-9C67-B92E74DE0096}.Release|x64.ActiveCfg = Release|x64
		{C39043DA-4644-4A4E-9C67-B92E74DE0096}.Release|x64.Build.0 = Release|x64
		{C39043DA-4644-4A4E-9C67-B92E74DE0096}.Release|x86.ActiveCfg = Release|Win32
		{C39043DA-4644-4A4E-9C67-B92E74DE0096}.Release|x86.Build.0 = Release|Win32
	EndGlobalSection
	GlobalSection(SolutionProperties) = preSolution
		HideSolutionNode = FALSE
	EndGlobalSection
	GlobalSection(NestedProjects) = preSolution
		{09D68B4B-7C03-4B57-945F-C3CE35C4D99F} = {43FAA88E-EF9F-4DC3-9A6F-3F8597956584}
		{BBDBA6F5-9D9C-479F-975F-AD2738B39775} = {43FAA88E-EF9F-4DC3-9A6F-3F8597956584}
	EndGlobalSection
	GlobalSection(ExtensibilityGlobals) = postSolution
		SolutionGuid = {A945DBD4-E193-4E2A-A6E3-BAAC4D3D6A3F}
	EndGlobalSection
EndGlobal
